
Microsoft Visual Studio Solution File, Format Version 12.00
# Visual Studio 15
VisualStudioVersion = 15.0.27130.2010
MinimumVisualStudioVersion = 10.0.40219.1
Project("{FAE04EC0-301F-11D3-BF4B-00C04F79EFBC}") = "GourmetGame.WindowsForms", "GourmetGame.WindowsForms\GourmetGame.WindowsForms.csproj", "{2903748C-23F5-47A5-970C-D96C64E6C2DC}"
EndProject
Project("{FAE04EC0-301F-11D3-BF4B-00C04F79EFBC}") = "GourmetGame.Domain", "GourmetGame.Domain\GourmetGame.Domain.csproj", "{416F93EF-0CBA-4969-A123-EB06D7DE13B4}"
EndProject
Project("{FAE04EC0-301F-11D3-BF4B-00C04F79EFBC}") = "GourmetGame.Data", "GourmetGame.Data\GourmetGame.Data.csproj", "{F3D8F57E-8531-41B4-943A-32EFBC117DA9}"
EndProject
Global
	GlobalSection(SolutionConfigurationPlatforms) = preSolution
		Debug|Any CPU = Debug|Any CPU
		Release|Any CPU = Release|Any CPU
	EndGlobalSection
	GlobalSection(ProjectConfigurationPlatforms) = postSolution
		{2903748C-23F5-47A5-970C-D96C64E6C2DC}.Debug|Any CPU.ActiveCfg = Debug|Any CPU
		{2903748C-23F5-47A5-970C-D96C64E6C2DC}.Debug|Any CPU.Build.0 = Debug|Any CPU
		{2903748C-23F5-47A5-970C-D96C64E6C2DC}.Release|Any CPU.ActiveCfg = Release|Any CPU
		{2903748C-23F5-47A5-970C-D96C64E6C2DC}.Release|Any CPU.Build.0 = Release|Any CPU
		{416F93EF-0CBA-4969-A123-EB06D7DE13B4}.Debug|Any CPU.ActiveCfg = Debug|Any CPU
		{416F93EF-0CBA-4969-A123-EB06D7DE13B4}.Debug|Any CPU.Build.0 = Debug|Any CPU
		{416F93EF-0CBA-4969-A123-EB06D7DE13B4}.Release|Any CPU.ActiveCfg = Release|Any CPU
		{416F93EF-0CBA-4969-A123-EB06D7DE13B4}.Release|Any CPU.Build.0 = Release|Any CPU
		{F3D8F57E-8531-41B4-943A-32EFBC117DA9}.Debug|Any CPU.ActiveCfg = Debug|Any CPU
		{F3D8F57E-8531-41B4-943A-32EFBC117DA9}.Debug|Any CPU.Build.0 = Debug|Any CPU
		{F3D8F57E-8531-41B4-943A-32EFBC117DA9}.Release|Any CPU.ActiveCfg = Release|Any CPU
		{F3D8F57E-8531-41B4-943A-32EFBC117DA9}.Release|Any CPU.Build.0 = Release|Any CPU
	EndGlobalSection
	GlobalSection(SolutionProperties) = preSolution
		HideSolutionNode = FALSE
	EndGlobalSection
	GlobalSection(ExtensibilityGlobals) = postSolution
		SolutionGuid = {67EF82E5-00CF-4F04-8488-AA00236830DD}
	EndGlobalSection
EndGlobal
